
Microsoft Visual Studio Solution File, Format Version 12.00
# Visual Studio Version 17
VisualStudioVersion = 17.10.35013.160
MinimumVisualStudioVersion = 10.0.40219.1
Project("{FAE04EC0-301F-11D3-BF4B-00C04F79EFBC}") = "ReadReceipt", "ReadReceipt.csproj", "{F20FEED4-7649-4178-A1FA-19350B21AE77}"
EndProject
Global
	GlobalSection(SolutionConfigurationPlatforms) = preSolution
		Debug|Any CPU = Debug|Any CPU
		Release|Any CPU = Release|Any CPU
	EndGlobalSection
	GlobalSection(ProjectConfigurationPlatforms) = postSolution
		{F20FEED4-7649-4178-A1FA-19350B21AE77}.Debug|Any CPU.ActiveCfg = Debug|Any CPU
		{F20FEED4-7649-4178-A1FA-19350B21AE77}.Debug|Any CPU.Build.0 = Debug|Any CPU
		{F20FEED4-7649-4178-A1FA-19350B21AE77}.Release|Any CPU.ActiveCfg = Release|Any CPU
		{F20FEED4-7649-4178-A1FA-19350B21AE77}.Release|Any CPU.Build.0 = Release|Any CPU
	EndGlobalSection
	GlobalSection(SolutionProperties) = preSolution
		HideSolutionNode = FALSE
	EndGlobalSection
	GlobalSection(ExtensibilityGlobals) = postSolution
		SolutionGuid = {557A1FCB-0D65-43F3-BE1F-F76E3D15FB5B}
	EndGlobalSection
EndGlobal
